// !$*UTF8*$!
{
	archiveVersion = 1;
	classes = {
	};
	objectVersion = 77;
	objects = {

/* Begin PBXBuildFile section */
		B0A135542CD8BD100008B682 /* GoogleMobileAds in Frameworks */ = {isa = PBXBuildFile; productRef = B0A135532CD8BD100008B682 /* GoogleMobileAds */; };
/* End PBXBuildFile section */

/* Begin PBXContainerItemProxy section */
		B050656A2CC9102A00FE32F6 /* PBXContainerItemProxy */ = {
			isa = PBXContainerItemProxy;
			containerPortal = B05065482CC9102900FE32F6 /* Project object */;
			proxyType = 1;
			remoteGlobalIDString = B050654F2CC9102900FE32F6;
			remoteInfo = GetTheSeasoning;
		};
		B05065742CC9102A00FE32F6 /* PBXContainerItemProxy */ = {
			isa = PBXContainerItemProxy;
			containerPortal = B05065482CC9102900FE32F6 /* Project object */;
			proxyType = 1;
			remoteGlobalIDString = B050654F2CC9102900FE32F6;
			remoteInfo = GetTheSeasoning;
		};
/* End PBXContainerItemProxy section */

/* Begin PBXFileReference section */
		B05065502CC9102900FE32F6 /* GetTheSeasoning.app */ = {isa = PBXFileReference; explicitFileType = wrapper.application; includeInIndex = 0; path = GetTheSeasoning.app; sourceTree = BUILT_PRODUCTS_DIR; };
		B05065692CC9102A00FE32F6 /* GetTheSeasoningTests.xctest */ = {isa = PBXFileReference; explicitFileType = wrapper.cfbundle; includeInIndex = 0; path = GetTheSeasoningTests.xctest; sourceTree = BUILT_PRODUCTS_DIR; };
		B05065732CC9102A00FE32F6 /* GetTheSeasoningUITests.xctest */ = {isa = PBXFileReference; explicitFileType = wrapper.cfbundle; includeInIndex = 0; path = GetTheSeasoningUITests.xctest; sourceTree = BUILT_PRODUCTS_DIR; };
/* End PBXFileReference section */

/* Begin PBXFileSystemSynchronizedBuildFileExceptionSet section */
		B0A135562CD8BEF60008B682 /* Exceptions for "GetTheSeasoning" folder in "GetTheSeasoning" target */ = {
			isa = PBXFileSystemSynchronizedBuildFileExceptionSet;
			membershipExceptions = (
				Info.plist,
			);
			target = B050654F2CC9102900FE32F6 /* GetTheSeasoning */;
		};
/* End PBXFileSystemSynchronizedBuildFileExceptionSet section */

/* Begin PBXFileSystemSynchronizedRootGroup section */
		B05065522CC9102900FE32F6 /* GetTheSeasoning */ = {
			isa = PBXFileSystemSynchronizedRootGroup;
			exceptions = (
				B0A135562CD8BEF60008B682 /* Exceptions for "GetTheSeasoning" folder in "GetTheSeasoning" target */,
			);
			path = GetTheSeasoning;
			sourceTree = "<group>";
		};
		B050656C2CC9102A00FE32F6 /* GetTheSeasoningTests */ = {
			isa = PBXFileSystemSynchronizedRootGroup;
			path = GetTheSeasoningTests;
			sourceTree = "<group>";
		};
		B05065762CC9102A00FE32F6 /* GetTheSeasoningUITests */ = {
			isa = PBXFileSystemSynchronizedRootGroup;
			path = GetTheSeasoningUITests;
			sourceTree = "<group>";
		};
/* End PBXFileSystemSynchronizedRootGroup section */

/* Begin PBXFrameworksBuildPhase section */
		B050654D2CC9102900FE32F6 /* Frameworks */ = {
			isa = PBXFrameworksBuildPhase;
			buildActionMask = 2147483647;
			files = (
				B0A135542CD8BD100008B682 /* GoogleMobileAds in Frameworks */,
			);
			runOnlyForDeploymentPostprocessing = 0;
		};
		B05065662CC9102A00FE32F6 /* Frameworks */ = {
			isa = PBXFrameworksBuildPhase;
			buildActionMask = 2147483647;
			files = (
			);
			runOnlyForDeploymentPostprocessing = 0;
		};
		B05065702CC9102A00FE32F6 /* Frameworks */ = {
			isa = PBXFrameworksBuildPhase;
			buildActionMask = 2147483647;
			files = (
			);
			runOnlyForDeploymentPostprocessing = 0;
		};
/* End PBXFrameworksBuildPhase section */

/* Begin PBXGroup section */
		B05065472CC9102900FE32F6 = {
			isa = PBXGroup;
			children = (
				B05065522CC9102900FE32F6 /* GetTheSeasoning */,
				B050656C2CC9102A00FE32F6 /* GetTheSeasoningTests */,
				B05065762CC9102A00FE32F6 /* GetTheSeasoningUITests */,
				B0A135522CD8BD100008B682 /* Frameworks */,
				B05065512CC9102900FE32F6 /* Products */,
			);
			sourceTree = "<group>";
		};
		B05065512CC9102900FE32F6 /* Products */ = {
			isa = PBXGroup;
			children = (
				B05065502CC9102900FE32F6 /* GetTheSeasoning.app */,
				B05065692CC9102A00FE32F6 /* GetTheSeasoningTests.xctest */,
				B05065732CC9102A00FE32F6 /* GetTheSeasoningUITests.xctest */,
			);
			name = Products;
			sourceTree = "<group>";
		};
		B0A135522CD8BD100008B682 /* Frameworks */ = {
			isa = PBXGroup;
			children = (
			);
			name = Frameworks;
			sourceTree = "<group>";
		};
/* End PBXGroup section */

/* Begin PBXNativeTarget section */
		B050654F2CC9102900FE32F6 /* GetTheSeasoning */ = {
			isa = PBXNativeTarget;
			buildConfigurationList = B050657D2CC9102A00FE32F6 /* Build configuration list for PBXNativeTarget "GetTheSeasoning" */;
			buildPhases = (
				B050654C2CC9102900FE32F6 /* Sources */,
				B050654D2CC9102900FE32F6 /* Frameworks */,
				B050654E2CC9102900FE32F6 /* Resources */,
			);
			buildRules = (
			);
			dependencies = (
			);
			fileSystemSynchronizedGroups = (
				B05065522CC9102900FE32F6 /* GetTheSeasoning */,
			);
			name = GetTheSeasoning;
			packageProductDependencies = (
				B0A135532CD8BD100008B682 /* GoogleMobileAds */,
			);
			productName = GetTheSeasoning;
			productReference = B05065502CC9102900FE32F6 /* GetTheSeasoning.app */;
			productType = "com.apple.product-type.application";
		};
		B05065682CC9102A00FE32F6 /* GetTheSeasoningTests */ = {
			isa = PBXNativeTarget;
			buildConfigurationList = B05065802CC9102A00FE32F6 /* Build configuration list for PBXNativeTarget "GetTheSeasoningTests" */;
			buildPhases = (
				B05065652CC9102A00FE32F6 /* Sources */,
				B05065662CC9102A00FE32F6 /* Frameworks */,
				B05065672CC9102A00FE32F6 /* Resources */,
			);
			buildRules = (
			);
			dependencies = (
				B050656B2CC9102A00FE32F6 /* PBXTargetDependency */,
			);
			fileSystemSynchronizedGroups = (
				B050656C2CC9102A00FE32F6 /* GetTheSeasoningTests */,
			);
			name = GetTheSeasoningTests;
			packageProductDependencies = (
			);
			productName = GetTheSeasoningTests;
			productReference = B05065692CC9102A00FE32F6 /* GetTheSeasoningTests.xctest */;
			productType = "com.apple.product-type.bundle.unit-test";
		};
		B05065722CC9102A00FE32F6 /* GetTheSeasoningUITests */ = {
			isa = PBXNativeTarget;
			buildConfigurationList = B05065832CC9102A00FE32F6 /* Build configuration list for PBXNativeTarget "GetTheSeasoningUITests" */;
			buildPhases = (
				B050656F2CC9102A00FE32F6 /* Sources */,
				B05065702CC9102A00FE32F6 /* Frameworks */,
				B05065712CC9102A00FE32F6 /* Resources */,
			);
			buildRules = (
			);
			dependencies = (
				B05065752CC9102A00FE32F6 /* PBXTargetDependency */,
			);
			fileSystemSynchronizedGroups = (
				B05065762CC9102A00FE32F6 /* GetTheSeasoningUITests */,
			);
			name = GetTheSeasoningUITests;
			packageProductDependencies = (
			);
			productName = GetTheSeasoningUITests;
			productReference = B05065732CC9102A00FE32F6 /* GetTheSeasoningUITests.xctest */;
			productType = "com.apple.product-type.bundle.ui-testing";
		};
/* End PBXNativeTarget section */

/* Begin PBXProject section */
		B05065482CC9102900FE32F6 /* Project object */ = {
			isa = PBXProject;
			attributes = {
				BuildIndependentTargetsInParallel = 1;
				LastSwiftUpdateCheck = 1600;
				LastUpgradeCheck = 1600;
				TargetAttributes = {
					B050654F2CC9102900FE32F6 = {
						CreatedOnToolsVersion = 16.0;
					};
					B05065682CC9102A00FE32F6 = {
						CreatedOnToolsVersion = 16.0;
						TestTargetID = B050654F2CC9102900FE32F6;
					};
					B05065722CC9102A00FE32F6 = {
						CreatedOnToolsVersion = 16.0;
						TestTargetID = B050654F2CC9102900FE32F6;
					};
				};
			};
			buildConfigurationList = B050654B2CC9102900FE32F6 /* Build configuration list for PBXProject "GetTheSeasoning" */;
			developmentRegion = ja;
			hasScannedForEncodings = 0;
			knownRegions = (
				en,
				Base,
				ja,
			);
			mainGroup = B05065472CC9102900FE32F6;
			minimizedProjectReferenceProxies = 1;
			packageReferences = (
				B096A2A02CD8B3680011A16E /* XCRemoteSwiftPackageReference "swift-package-manager-google-mobile-ads" */,
			);
			preferredProjectObjectVersion = 77;
			productRefGroup = B05065512CC9102900FE32F6 /* Products */;
			projectDirPath = "";
			projectRoot = "";
			targets = (
				B050654F2CC9102900FE32F6 /* GetTheSeasoning */,
				B05065682CC9102A00FE32F6 /* GetTheSeasoningTests */,
				B05065722CC9102A00FE32F6 /* GetTheSeasoningUITests */,
			);
		};
/* End PBXProject section */

/* Begin PBXResourcesBuildPhase section */
		B050654E2CC9102900FE32F6 /* Resources */ = {
			isa = PBXResourcesBuildPhase;
			buildActionMask = 2147483647;
			files = (
			);
			runOnlyForDeploymentPostprocessing = 0;
		};
		B05065672CC9102A00FE32F6 /* Resources */ = {
			isa = PBXResourcesBuildPhase;
			buildActionMask = 2147483647;
			files = (
			);
			runOnlyForDeploymentPostprocessing = 0;
		};
		B05065712CC9102A00FE32F6 /* Resources */ = {
			isa = PBXResourcesBuildPhase;
			buildActionMask = 2147483647;
			files = (
			);
			runOnlyForDeploymentPostprocessing = 0;
		};
/* End PBXResourcesBuildPhase section */

/* Begin PBXSourcesBuildPhase section */
		B050654C2CC9102900FE32F6 /* Sources */ = {
			isa = PBXSourcesBuildPhase;
			buildActionMask = 2147483647;
			files = (
			);
			runOnlyForDeploymentPostprocessing = 0;
		};
		B05065652CC9102A00FE32F6 /* Sources */ = {
			isa = PBXSourcesBuildPhase;
			buildActionMask = 2147483647;
			files = (
			);
			runOnlyForDeploymentPostprocessing = 0;
		};
		B050656F2CC9102A00FE32F6 /* Sources */ = {
			isa = PBXSourcesBuildPhase;
			buildActionMask = 2147483647;
			files = (
			);
			runOnlyForDeploymentPostprocessing = 0;
		};
/* End PBXSourcesBuildPhase section */

/* Begin PBXTargetDependency section */
		B050656B2CC9102A00FE32F6 /* PBXTargetDependency */ = {
			isa = PBXTargetDependency;
			target = B050654F2CC9102900FE32F6 /* GetTheSeasoning */;
			targetProxy = B050656A2CC9102A00FE32F6 /* PBXContainerItemProxy */;
		};
		B05065752CC9102A00FE32F6 /* PBXTargetDependency */ = {
			isa = PBXTargetDependency;
			target = B050654F2CC9102900FE32F6 /* GetTheSeasoning */;
			targetProxy = B05065742CC9102A00FE32F6 /* PBXContainerItemProxy */;
		};
/* End PBXTargetDependency section */

/* Begin XCBuildConfiguration section */
		B050657B2CC9102A00FE32F6 /* Debug */ = {
			isa = XCBuildConfiguration;
			buildSettings = {
				ALWAYS_SEARCH_USER_PATHS = NO;
				ASSETCATALOG_COMPILER_GENERATE_SWIFT_ASSET_SYMBOL_EXTENSIONS = YES;
				CLANG_ANALYZER_LOCALIZABILITY_NONLOCALIZED = YES;
				CLANG_ANALYZER_NONNULL = YES;
				CLANG_ANALYZER_NUMBER_OBJECT_CONVERSION = YES_AGGRESSIVE;
				CLANG_CXX_LANGUAGE_STANDARD = "gnu++20";
				CLANG_ENABLE_MODULES = YES;
				CLANG_ENABLE_OBJC_ARC = YES;
				CLANG_ENABLE_OBJC_WEAK = YES;
				CLANG_WARN_BLOCK_CAPTURE_AUTORELEASING = YES;
				CLANG_WARN_BOOL_CONVERSION = YES;
				CLANG_WARN_COMMA = YES;
				CLANG_WARN_CONSTANT_CONVERSION = YES;
				CLANG_WARN_DEPRECATED_OBJC_IMPLEMENTATIONS = YES;
				CLANG_WARN_DIRECT_OBJC_ISA_USAGE = YES_ERROR;
				CLANG_WARN_DOCUMENTATION_COMMENTS = YES;
				CLANG_WARN_EMPTY_BODY = YES;
				CLANG_WARN_ENUM_CONVERSION = YES;
				CLANG_WARN_INFINITE_RECURSION = YES;
				CLANG_WARN_INT_CONVERSION = YES;
				CLANG_WARN_NON_LITERAL_NULL_CONVERSION = YES;
				CLANG_WARN_OBJC_IMPLICIT_RETAIN_SELF = YES;
				CLANG_WARN_OBJC_LITERAL_CONVERSION = YES;
				CLANG_WARN_OBJC_ROOT_CLASS = YES_ERROR;
				CLANG_WARN_QUOTED_INCLUDE_IN_FRAMEWORK_HEADER = YES;
				CLANG_WARN_RANGE_LOOP_ANALYSIS = YES;
				CLANG_WARN_STRICT_PROTOTYPES = YES;
				CLANG_WARN_SUSPICIOUS_MOVE = YES;
				CLANG_WARN_UNGUARDED_AVAILABILITY = YES_AGGRESSIVE;
				CLANG_WARN_UNREACHABLE_CODE = YES;
				CLANG_WARN__DUPLICATE_METHOD_MATCH = YES;
				COPY_PHASE_STRIP = NO;
				DEBUG_INFORMATION_FORMAT = dwarf;
				ENABLE_STRICT_OBJC_MSGSEND = YES;
				ENABLE_TESTABILITY = YES;
				ENABLE_USER_SCRIPT_SANDBOXING = YES;
				GCC_C_LANGUAGE_STANDARD = gnu17;
				GCC_DYNAMIC_NO_PIC = NO;
				GCC_NO_COMMON_BLOCKS = YES;
				GCC_OPTIMIZATION_LEVEL = 0;
				GCC_PREPROCESSOR_DEFINITIONS = (
					"DEBUG=1",
					"$(inherited)",
				);
				GCC_WARN_64_TO_32_BIT_CONVERSION = YES;
				GCC_WARN_ABOUT_RETURN_TYPE = YES_ERROR;
				GCC_WARN_UNDECLARED_SELECTOR = YES;
				GCC_WARN_UNINITIALIZED_AUTOS = YES_AGGRESSIVE;
				GCC_WARN_UNUSED_FUNCTION = YES;
				GCC_WARN_UNUSED_VARIABLE = YES;
				IPHONEOS_DEPLOYMENT_TARGET = 18.0;
				LOCALIZATION_PREFERS_STRING_CATALOGS = YES;
				MTL_ENABLE_DEBUG_INFO = INCLUDE_SOURCE;
				MTL_FAST_MATH = YES;
				ONLY_ACTIVE_ARCH = YES;
				SDKROOT = iphoneos;
				SWIFT_ACTIVE_COMPILATION_CONDITIONS = "DEBUG $(inherited)";
				SWIFT_OPTIMIZATION_LEVEL = "-Onone";
			};
			name = Debug;
		};
		B050657C2CC9102A00FE32F6 /* Release */ = {
			isa = XCBuildConfiguration;
			buildSettings = {
				ALWAYS_SEARCH_USER_PATHS = NO;
				ASSETCATALOG_COMPILER_GENERATE_SWIFT_ASSET_SYMBOL_EXTENSIONS = YES;
				CLANG_ANALYZER_LOCALIZABILITY_NONLOCALIZED = YES;
				CLANG_ANALYZER_NONNULL = YES;
				CLANG_ANALYZER_NUMBER_OBJECT_CONVERSION = YES_AGGRESSIVE;
				CLANG_CXX_LANGUAGE_STANDARD = "gnu++20";
				CLANG_ENABLE_MODULES = YES;
				CLANG_ENABLE_OBJC_ARC = YES;
				CLANG_ENABLE_OBJC_WEAK = YES;
				CLANG_WARN_BLOCK_CAPTURE_AUTORELEASING = YES;
				CLANG_WARN_BOOL_CONVERSION = YES;
				CLANG_WARN_COMMA = YES;
				CLANG_WARN_CONSTANT_CONVERSION = YES;
				CLANG_WARN_DEPRECATED_OBJC_IMPLEMENTATIONS = YES;
				CLANG_WARN_DIRECT_OBJC_ISA_USAGE = YES_ERROR;
				CLANG_WARN_DOCUMENTATION_COMMENTS = YES;
				CLANG_WARN_EMPTY_BODY = YES;
				CLANG_WARN_ENUM_CONVERSION = YES;
				CLANG_WARN_INFINITE_RECURSION = YES;
				CLANG_WARN_INT_CONVERSION = YES;
				CLANG_WARN_NON_LITERAL_NULL_CONVERSION = YES;
				CLANG_WARN_OBJC_IMPLICIT_RETAIN_SELF = YES;
				CLANG_WARN_OBJC_LITERAL_CONVERSION = YES;
				CLANG_WARN_OBJC_ROOT_CLASS = YES_ERROR;
				CLANG_WARN_QUOTED_INCLUDE_IN_FRAMEWORK_HEADER = YES;
				CLANG_WARN_RANGE_LOOP_ANALYSIS = YES;
				CLANG_WARN_STRICT_PROTOTYPES = YES;
				CLANG_WARN_SUSPICIOUS_MOVE = YES;
				CLANG_WARN_UNGUARDED_AVAILABILITY = YES_AGGRESSIVE;
				CLANG_WARN_UNREACHABLE_CODE = YES;
				CLANG_WARN__DUPLICATE_METHOD_MATCH = YES;
				COPY_PHASE_STRIP = NO;
				DEBUG_INFORMATION_FORMAT = "dwarf-with-dsym";
				ENABLE_NS_ASSERTIONS = NO;
				ENABLE_STRICT_OBJC_MSGSEND = YES;
				ENABLE_USER_SCRIPT_SANDBOXING = YES;
				GCC_C_LANGUAGE_STANDARD = gnu17;
				GCC_NO_COMMON_BLOCKS = YES;
				GCC_WARN_64_TO_32_BIT_CONVERSION = YES;
				GCC_WARN_ABOUT_RETURN_TYPE = YES_ERROR;
				GCC_WARN_UNDECLARED_SELECTOR = YES;
				GCC_WARN_UNINITIALIZED_AUTOS = YES_AGGRESSIVE;
				GCC_WARN_UNUSED_FUNCTION = YES;
				GCC_WARN_UNUSED_VARIABLE = YES;
				IPHONEOS_DEPLOYMENT_TARGET = 18.0;
				LOCALIZATION_PREFERS_STRING_CATALOGS = YES;
				MTL_ENABLE_DEBUG_INFO = NO;
				MTL_FAST_MATH = YES;
				SDKROOT = iphoneos;
				SWIFT_COMPILATION_MODE = wholemodule;
				VALIDATE_PRODUCT = YES;
			};
			name = Release;
		};
		B050657E2CC9102A00FE32F6 /* Debug */ = {
			isa = XCBuildConfiguration;
			buildSettings = {
				ASSETCATALOG_COMPILER_APPICON_NAME = AppIcon;
				ASSETCATALOG_COMPILER_GLOBAL_ACCENT_COLOR_NAME = AccentColor;
				CODE_SIGN_ENTITLEMENTS = GetTheSeasoning/GetTheSeasoning.entitlements;
				CODE_SIGN_STYLE = Automatic;
				CURRENT_PROJECT_VERSION = 1;
				DEVELOPMENT_TEAM = Q58MD9X38V;
				GENERATE_INFOPLIST_FILE = YES;
				INFOPLIST_FILE = GetTheSeasoning/Info.plist;
				INFOPLIST_KEY_CFBundleDisplayName = "しょうゆ取ってゲーム";
				INFOPLIST_KEY_LSApplicationCategoryType = "public.app-category.games";
				INFOPLIST_KEY_UIApplicationSupportsIndirectInputEvents = YES;
				INFOPLIST_KEY_UILaunchStoryboardName = LaunchScreen;
				INFOPLIST_KEY_UIMainStoryboardFile = Main;
				INFOPLIST_KEY_UIRequiresFullScreen = YES;
				INFOPLIST_KEY_UIStatusBarHidden = YES;
				INFOPLIST_KEY_UISupportedInterfaceOrientations = UIInterfaceOrientationPortrait;
				IPHONEOS_DEPLOYMENT_TARGET = 15.0;
				LD_RUNPATH_SEARCH_PATHS = (
					"$(inherited)",
					"@executable_path/Frameworks",
				);
				MARKETING_VERSION = 1.0.2;
				PRODUCT_BUNDLE_IDENTIFIER = takuya.TakeSoyGame;
				PRODUCT_NAME = "$(TARGET_NAME)";
				SUPPORTED_PLATFORMS = "iphoneos iphonesimulator";
				SUPPORTS_MACCATALYST = NO;
				SUPPORTS_MAC_DESIGNED_FOR_IPHONE_IPAD = NO;
				SUPPORTS_XR_DESIGNED_FOR_IPHONE_IPAD = NO;
				SWIFT_EMIT_LOC_STRINGS = YES;
				SWIFT_VERSION = 5.0;
				TARGETED_DEVICE_FAMILY = 1;
			};
			name = Debug;
		};
		B050657F2CC9102A00FE32F6 /* Release */ = {
			isa = XCBuildConfiguration;
			buildSettings = {
				ASSETCATALOG_COMPILER_APPICON_NAME = AppIcon;
				ASSETCATALOG_COMPILER_GLOBAL_ACCENT_COLOR_NAME = AccentColor;
				CODE_SIGN_ENTITLEMENTS = GetTheSeasoning/GetTheSeasoning.entitlements;
				CODE_SIGN_STYLE = Automatic;
				CURRENT_PROJECT_VERSION = 1;
				DEVELOPMENT_TEAM = Q58MD9X38V;
				GENERATE_INFOPLIST_FILE = YES;
				INFOPLIST_FILE = GetTheSeasoning/Info.plist;
				INFOPLIST_KEY_CFBundleDisplayName = "しょうゆ取ってゲーム";
				INFOPLIST_KEY_LSApplicationCategoryType = "public.app-category.games";
				INFOPLIST_KEY_UIApplicationSupportsIndirectInputEvents = YES;
				INFOPLIST_KEY_UILaunchStoryboardName = LaunchScreen;
				INFOPLIST_KEY_UIMainStoryboardFile = Main;
				INFOPLIST_KEY_UIRequiresFullScreen = YES;
				INFOPLIST_KEY_UIStatusBarHidden = YES;
				INFOPLIST_KEY_UISupportedInterfaceOrientations = UIInterfaceOrientationPortrait;
				IPHONEOS_DEPLOYMENT_TARGET = 15.0;
				LD_RUNPATH_SEARCH_PATHS = (
					"$(inherited)",
					"@executable_path/Frameworks",
				);
				MARKETING_VERSION = 1.0.2;
				PRODUCT_BUNDLE_IDENTIFIER = takuya.TakeSoyGame;
				PRODUCT_NAME = "$(TARGET_NAME)";
				SUPPORTED_PLATFORMS = "iphoneos iphonesimulator";
				SUPPORTS_MACCATALYST = NO;
				SUPPORTS_MAC_DESIGNED_FOR_IPHONE_IPAD = NO;
				SUPPORTS_XR_DESIGNED_FOR_IPHONE_IPAD = NO;
				SWIFT_EMIT_LOC_STRINGS = YES;
				SWIFT_VERSION = 5.0;
				TARGETED_DEVICE_FAMILY = 1;
			};
			name = Release;
		};
		B05065812CC9102A00FE32F6 /* Debug */ = {
			isa = XCBuildConfiguration;
			buildSettings = {
				BUNDLE_LOADER = "$(TEST_HOST)";
				CODE_SIGN_STYLE = Automatic;
				CURRENT_PROJECT_VERSION = 1;
				DEVELOPMENT_TEAM = Q58MD9X38V;
				GENERATE_INFOPLIST_FILE = YES;
				IPHONEOS_DEPLOYMENT_TARGET = 18.0;
				MARKETING_VERSION = 1.0;
				PRODUCT_BUNDLE_IDENTIFIER = takuya.GetTheSeasoningTests;
				PRODUCT_NAME = "$(TARGET_NAME)";
				SWIFT_EMIT_LOC_STRINGS = NO;
				SWIFT_VERSION = 5.0;
				TARGETED_DEVICE_FAMILY = "1,2";
				TEST_HOST = "$(BUILT_PRODUCTS_DIR)/GetTheSeasoning.app/$(BUNDLE_EXECUTABLE_FOLDER_PATH)/GetTheSeasoning";
			};
			name = Debug;
		};
		B05065822CC9102A00FE32F6 /* Release */ = {
			isa = XCBuildConfiguration;
			buildSettings = {
				BUNDLE_LOADER = "$(TEST_HOST)";
				CODE_SIGN_STYLE = Automatic;
				CURRENT_PROJECT_VERSION = 1;
				DEVELOPMENT_TEAM = Q58MD9X38V;
				GENERATE_INFOPLIST_FILE = YES;
				IPHONEOS_DEPLOYMENT_TARGET = 18.0;
				MARKETING_VERSION = 1.0;
				PRODUCT_BUNDLE_IDENTIFIER = takuya.GetTheSeasoningTests;
				PRODUCT_NAME = "$(TARGET_NAME)";
				SWIFT_EMIT_LOC_STRINGS = NO;
				SWIFT_VERSION = 5.0;
				TARGETED_DEVICE_FAMILY = "1,2";
				TEST_HOST = "$(BUILT_PRODUCTS_DIR)/GetTheSeasoning.app/$(BUNDLE_EXECUTABLE_FOLDER_PATH)/GetTheSeasoning";
			};
			name = Release;
		};
		B05065842CC9102A00FE32F6 /* Debug */ = {
			isa = XCBuildConfiguration;
			buildSettings = {
				CODE_SIGN_STYLE = Automatic;
				CURRENT_PROJECT_VERSION = 1;
				DEVELOPMENT_TEAM = Q58MD9X38V;
				GENERATE_INFOPLIST_FILE = YES;
				MARKETING_VERSION = 1.0;
				PRODUCT_BUNDLE_IDENTIFIER = takuya.GetTheSeasoningUITests;
				PRODUCT_NAME = "$(TARGET_NAME)";
				SWIFT_EMIT_LOC_STRINGS = NO;
				SWIFT_VERSION = 5.0;
				TARGETED_DEVICE_FAMILY = "1,2";
				TEST_TARGET_NAME = GetTheSeasoning;
			};
			name = Debug;
		};
		B05065852CC9102A00FE32F6 /* Release */ = {
			isa = XCBuildConfiguration;
			buildSettings = {
				CODE_SIGN_STYLE = Automatic;
				CURRENT_PROJECT_VERSION = 1;
				DEVELOPMENT_TEAM = Q58MD9X38V;
				GENERATE_INFOPLIST_FILE = YES;
				MARKETING_VERSION = 1.0;
				PRODUCT_BUNDLE_IDENTIFIER = takuya.GetTheSeasoningUITests;
				PRODUCT_NAME = "$(TARGET_NAME)";
				SWIFT_EMIT_LOC_STRINGS = NO;
				SWIFT_VERSION = 5.0;
				TARGETED_DEVICE_FAMILY = "1,2";
				TEST_TARGET_NAME = GetTheSeasoning;
			};
			name = Release;
		};
/* End XCBuildConfiguration section */

/* Begin XCConfigurationList section */
		B050654B2CC9102900FE32F6 /* Build configuration list for PBXProject "GetTheSeasoning" */ = {
			isa = XCConfigurationList;
			buildConfigurations = (
				B050657B2CC9102A00FE32F6 /* Debug */,
				B050657C2CC9102A00FE32F6 /* Release */,
			);
			defaultConfigurationIsVisible = 0;
			defaultConfigurationName = Release;
		};
		B050657D2CC9102A00FE32F6 /* Build configuration list for PBXNativeTarget "GetTheSeasoning" */ = {
			isa = XCConfigurationList;
			buildConfigurations = (
				B050657E2CC9102A00FE32F6 /* Debug */,
				B050657F2CC9102A00FE32F6 /* Release */,
			);
			defaultConfigurationIsVisible = 0;
			defaultConfigurationName = Release;
		};
		B05065802CC9102A00FE32F6 /* Build configuration list for PBXNativeTarget "GetTheSeasoningTests" */ = {
			isa = XCConfigurationList;
			buildConfigurations = (
				B05065812CC9102A00FE32F6 /* Debug */,
				B05065822CC9102A00FE32F6 /* Release */,
			);
			defaultConfigurationIsVisible = 0;
			defaultConfigurationName = Release;
		};
		B05065832CC9102A00FE32F6 /* Build configuration list for PBXNativeTarget "GetTheSeasoningUITests" */ = {
			isa = XCConfigurationList;
			buildConfigurations = (
				B05065842CC9102A00FE32F6 /* Debug */,
				B05065852CC9102A00FE32F6 /* Release */,
			);
			defaultConfigurationIsVisible = 0;
			defaultConfigurationName = Release;
		};
/* End XCConfigurationList section */

/* Begin XCRemoteSwiftPackageReference section */
		B096A2A02CD8B3680011A16E /* XCRemoteSwiftPackageReference "swift-package-manager-google-mobile-ads" */ = {
			isa = XCRemoteSwiftPackageReference;
			repositoryURL = "https://github.com/googleads/swift-package-manager-google-mobile-ads";
			requirement = {
				kind = upToNextMajorVersion;
				minimumVersion = 11.11.0;
			};
		};
/* End XCRemoteSwiftPackageReference section */

/* Begin XCSwiftPackageProductDependency section */
		B0A135532CD8BD100008B682 /* GoogleMobileAds */ = {
			isa = XCSwiftPackageProductDependency;
			package = B096A2A02CD8B3680011A16E /* XCRemoteSwiftPackageReference "swift-package-manager-google-mobile-ads" */;
			productName = GoogleMobileAds;
		};
/* End XCSwiftPackageProductDependency section */
	};
	rootObject = B05065482CC9102900FE32F6 /* Project object */;
}
